
Microsoft Visual Studio Solution File, Format Version 12.00
# Visual Studio Version 17
VisualStudioVersion = 17.4.33110.190
MinimumVisualStudioVersion = 10.0.40219.1
Project("{FAE04EC0-301F-11D3-BF4B-00C04F79EFBC}") = "ConsoleApp1", "ConsoleApp1\ConsoleApp1.csproj", "{2892AE46-39E2-457F-8823-B20208814EC8}"
EndProject
Global
	GlobalSection(SolutionConfigurationPlatforms) = preSolution
		Debug|Any CPU = Debug|Any CPU
		Release|Any CPU = Release|Any CPU
	EndGlobalSection
	GlobalSection(ProjectConfigurationPlatforms) = postSolution
		{2892AE46-39E2-457F-8823-B20208814EC8}.Debug|Any CPU.ActiveCfg = Debug|Any CPU
		{2892AE46-39E2-457F-8823-B20208814EC8}.Debug|Any CPU.Build.0 = Debug|Any CPU
		{2892AE46-39E2-457F-8823-B20208814EC8}.Release|Any CPU.ActiveCfg = Release|Any CPU
		{2892AE46-39E2-457F-8823-B20208814EC8}.Release|Any CPU.Build.0 = Release|Any CPU
	EndGlobalSection
	GlobalSection(SolutionProperties) = preSolution
		HideSolutionNode = FALSE
	EndGlobalSection
	GlobalSection(ExtensibilityGlobals) = postSolution
		SolutionGuid = {0C4C435E-7C21-44BA-B57B-F253B552E44E}
	EndGlobalSection
EndGlobal
